
Microsoft Visual Studio Solution File, Format Version 12.00
# Visual Studio Version 17
VisualStudioVersion = 17.8.34408.163
MinimumVisualStudioVersion = 10.0.40219.1
Project("{E53339B2-1760-4266-BCC7-CA923CBCF16C}") = "docker-compose", "docker-compose.dcproj", "{4958719F-65AF-4C44-BBE7-74274EDA8061}"
EndProject
Project("{2150E333-8FDC-42A3-9474-1A3956D46DE8}") = "src", "src", "{25850452-FB78-44DC-8B35-BBB98699EA6D}"
EndProject
Project("{2150E333-8FDC-42A3-9474-1A3956D46DE8}") = "Services", "Services", "{59A5E8AB-C179-4E7F-9976-9EA138AD660B}"
EndProject
Project("{2150E333-8FDC-42A3-9474-1A3956D46DE8}") = "Catalog", "Catalog", "{E0B08C04-272E-4306-8004-76C9191DD4E0}"
EndProject
Project("{9A19103F-16F7-4668-BE54-9A1E7A4F7556}") = "Catalog.API", "src\Services\Catalog\Catalog.API\Catalog.API.csproj", "{3CBA74DD-A7EF-4E6F-AA02-C91A22168792}"
EndProject
Project("{2150E333-8FDC-42A3-9474-1A3956D46DE8}") = "BuildingBlocks", "BuildingBlocks", "{BCD9E909-76C8-4BD0-A481-93D08445FD1C}"
EndProject
Project("{9A19103F-16F7-4668-BE54-9A1E7A4F7556}") = "BuildingBlocks", "src\BuildingBlocks\BuildingBlocks\BuildingBlocks.csproj", "{76DB737A-C16F-4309-87B5-3F947196C67A}"
EndProject
Project("{2150E333-8FDC-42A3-9474-1A3956D46DE8}") = "postman", "postman", "{C0F5B0E9-BAA5-4A2C-8B6B-F4CE1E67B556}"
EndProject
Project("{2150E333-8FDC-42A3-9474-1A3956D46DE8}") = "Catalog", "Catalog", "{ACD61840-AD16-475F-9B01-BF05FA6931F8}"
	ProjectSection(SolutionItems) = preProject
		postman\Catalog\Docker.postman_environment.json = postman\Catalog\Docker.postman_environment.json
		postman\Catalog\Ecommerce-Shop.postman_collection.json = postman\Catalog\Ecommerce-Shop.postman_collection.json
		postman\Catalog\Localhost.postman_environment.json = postman\Catalog\Localhost.postman_environment.json
	EndProjectSection
EndProject
Project("{2150E333-8FDC-42A3-9474-1A3956D46DE8}") = "tests", "tests", "{CDD49D86-6C6E-469E-9CEB-1A67B5062B8E}"
EndProject
Project("{9A19103F-16F7-4668-BE54-9A1E7A4F7556}") = "CatalogServiceTests", "tests\EndpointTests\CatalogServiceTests.csproj", "{477CFE1C-0F12-48A2-AC89-DF50C2692BA1}"
EndProject
Global
	GlobalSection(SolutionConfigurationPlatforms) = preSolution
		Debug|Any CPU = Debug|Any CPU
		Release|Any CPU = Release|Any CPU
	EndGlobalSection
	GlobalSection(ProjectConfigurationPlatforms) = postSolution
		{4958719F-65AF-4C44-BBE7-74274EDA8061}.Debug|Any CPU.ActiveCfg = Debug|Any CPU
		{4958719F-65AF-4C44-BBE7-74274EDA8061}.Debug|Any CPU.Build.0 = Debug|Any CPU
		{4958719F-65AF-4C44-BBE7-74274EDA8061}.Release|Any CPU.ActiveCfg = Release|Any CPU
		{4958719F-65AF-4C44-BBE7-74274EDA8061}.Release|Any CPU.Build.0 = Release|Any CPU
		{3CBA74DD-A7EF-4E6F-AA02-C91A22168792}.Debug|Any CPU.ActiveCfg = Debug|Any CPU
		{3CBA74DD-A7EF-4E6F-AA02-C91A22168792}.Debug|Any CPU.Build.0 = Debug|Any CPU
		{3CBA74DD-A7EF-4E6F-AA02-C91A22168792}.Release|Any CPU.ActiveCfg = Release|Any CPU
		{3CBA74DD-A7EF-4E6F-AA02-C91A22168792}.Release|Any CPU.Build.0 = Release|Any CPU
		{76DB737A-C16F-4309-87B5-3F947196C67A}.Debug|Any CPU.ActiveCfg = Debug|Any CPU
		{76DB737A-C16F-4309-87B5-3F947196C67A}.Debug|Any CPU.Build.0 = Debug|Any CPU
		{76DB737A-C16F-4309-87B5-3F947196C67A}.Release|Any CPU.ActiveCfg = Release|Any CPU
		{76DB737A-C16F-4309-87B5-3F947196C67A}.Release|Any CPU.Build.0 = Release|Any CPU
		{477CFE1C-0F12-48A2-AC89-DF50C2692BA1}.Debug|Any CPU.ActiveCfg = Debug|Any CPU
		{477CFE1C-0F12-48A2-AC89-DF50C2692BA1}.Debug|Any CPU.Build.0 = Debug|Any CPU
		{477CFE1C-0F12-48A2-AC89-DF50C2692BA1}.Release|Any CPU.ActiveCfg = Release|Any CPU
		{477CFE1C-0F12-48A2-AC89-DF50C2692BA1}.Release|Any CPU.Build.0 = Release|Any CPU
	EndGlobalSection
	GlobalSection(SolutionProperties) = preSolution
		HideSolutionNode = FALSE
	EndGlobalSection
	GlobalSection(NestedProjects) = preSolution
		{59A5E8AB-C179-4E7F-9976-9EA138AD660B} = {25850452-FB78-44DC-8B35-BBB98699EA6D}
		{E0B08C04-272E-4306-8004-76C9191DD4E0} = {59A5E8AB-C179-4E7F-9976-9EA138AD660B}
		{3CBA74DD-A7EF-4E6F-AA02-C91A22168792} = {E0B08C04-272E-4306-8004-76C9191DD4E0}
		{BCD9E909-76C8-4BD0-A481-93D08445FD1C} = {25850452-FB78-44DC-8B35-BBB98699EA6D}
		{76DB737A-C16F-4309-87B5-3F947196C67A} = {BCD9E909-76C8-4BD0-A481-93D08445FD1C}
		{ACD61840-AD16-475F-9B01-BF05FA6931F8} = {C0F5B0E9-BAA5-4A2C-8B6B-F4CE1E67B556}
		{477CFE1C-0F12-48A2-AC89-DF50C2692BA1} = {CDD49D86-6C6E-469E-9CEB-1A67B5062B8E}
	EndGlobalSection
	GlobalSection(ExtensibilityGlobals) = postSolution
		SolutionGuid = {563AFC2D-3DB8-4D08-9886-423C39C3A035}
	EndGlobalSection
EndGlobal
